// !$*UTF8*$!
{
	archiveVersion = 1;
	classes = {
	};
	objectVersion = 50;
	objects = {

/* Begin PBXBuildFile section */
		BC2EA3322139F43B006267AC /* Document.swift in Sources */ = {isa = PBXBuildFile; fileRef = BC2EA3312139F43B006267AC /* Document.swift */; };
		BCDF8B512139C20900782FE2 /* AppDelegate.swift in Sources */ = {isa = PBXBuildFile; fileRef = BCDF8B502139C20900782FE2 /* AppDelegate.swift */; };
		BCDF8B562139C20900782FE2 /* Main.storyboard in Resources */ = {isa = PBXBuildFile; fileRef = BCDF8B542139C20900782FE2 /* Main.storyboard */; };
		BCDF8B582139C21400782FE2 /* Assets.xcassets in Resources */ = {isa = PBXBuildFile; fileRef = BCDF8B572139C21400782FE2 /* Assets.xcassets */; };
		BCDF8B5B2139C21400782FE2 /* LaunchScreen.storyboard in Resources */ = {isa = PBXBuildFile; fileRef = BCDF8B592139C21400782FE2 /* LaunchScreen.storyboard */; };
		BCDF8B652139C8AE00782FE2 /* DocumentDetailViewController.swift in Sources */ = {isa = PBXBuildFile; fileRef = BCDF8B642139C8AE00782FE2 /* DocumentDetailViewController.swift */; };
		BCDF8B672139DEA400782FE2 /* DocumentListTableViewController.swift in Sources */ = {isa = PBXBuildFile; fileRef = BCDF8B662139DEA400782FE2 /* DocumentListTableViewController.swift */; };
		BCDF8B692139EC2A00782FE2 /* DocumentTableViewCell.swift in Sources */ = {isa = PBXBuildFile; fileRef = BCDF8B682139EC2A00782FE2 /* DocumentTableViewCell.swift */; };
/* End PBXBuildFile section */

/* Begin PBXFileReference section */
		BC2EA3312139F43B006267AC /* Document.swift */ = {isa = PBXFileReference; lastKnownFileType = sourcecode.swift; path = Document.swift; sourceTree = "<group>"; };
		BCDF8B4D2139C20900782FE2 /* Documents.app */ = {isa = PBXFileReference; explicitFileType = wrapper.application; includeInIndex = 0; path = Documents.app; sourceTree = BUILT_PRODUCTS_DIR; };
		BCDF8B502139C20900782FE2 /* AppDelegate.swift */ = {isa = PBXFileReference; lastKnownFileType = sourcecode.swift; path = AppDelegate.swift; sourceTree = "<group>"; };
		BCDF8B552139C20900782FE2 /* Base */ = {isa = PBXFileReference; lastKnownFileType = file.storyboard; name = Base; path = Base.lproj/Main.storyboard; sourceTree = "<group>"; };
		BCDF8B572139C21400782FE2 /* Assets.xcassets */ = {isa = PBXFileReference; lastKnownFileType = folder.assetcatalog; path = Assets.xcassets; sourceTree = "<group>"; };
		BCDF8B5A2139C21400782FE2 /* Base */ = {isa = PBXFileReference; lastKnownFileType = file.storyboard; name = Base; path = Base.lproj/LaunchScreen.storyboard; sourceTree = "<group>"; };
		BCDF8B5C2139C21400782FE2 /* Info.plist */ = {isa = PBXFileReference; lastKnownFileType = text.plist.xml; path = Info.plist; sourceTree = "<group>"; };
		BCDF8B642139C8AE00782FE2 /* DocumentDetailViewController.swift */ = {isa = PBXFileReference; lastKnownFileType = sourcecode.swift; path = DocumentDetailViewController.swift; sourceTree = "<group>"; };
		BCDF8B662139DEA400782FE2 /* DocumentListTableViewController.swift */ = {isa = PBXFileReference; lastKnownFileType = sourcecode.swift; path = DocumentListTableViewController.swift; sourceTree = "<group>"; };
		BCDF8B682139EC2A00782FE2 /* DocumentTableViewCell.swift */ = {isa = PBXFileReference; lastKnownFileType = sourcecode.swift; path = DocumentTableViewCell.swift; sourceTree = "<group>"; };
/* End PBXFileReference section */

/* Begin PBXFrameworksBuildPhase section */
		BCDF8B4A2139C20900782FE2 /* Frameworks */ = {
			isa = PBXFrameworksBuildPhase;
			buildActionMask = 2147483647;
			files = (
			);
			runOnlyForDeploymentPostprocessing = 0;
		};
/* End PBXFrameworksBuildPhase section */

/* Begin PBXGroup section */
		BC2EA3332139FC05006267AC /* Model */ = {
			isa = PBXGroup;
			children = (
				BC2EA3312139F43B006267AC /* Document.swift */,
			);
			path = Model;
			sourceTree = "<group>";
		};
		BCDF8B442139C20900782FE2 = {
			isa = PBXGroup;
			children = (
				BCDF8B4F2139C20900782FE2 /* Documents */,
				BCDF8B4E2139C20900782FE2 /* Products */,
			);
			sourceTree = "<group>";
		};
		BCDF8B4E2139C20900782FE2 /* Products */ = {
			isa = PBXGroup;
			children = (
				BCDF8B4D2139C20900782FE2 /* Documents.app */,
			);
			name = Products;
			sourceTree = "<group>";
		};
		BCDF8B4F2139C20900782FE2 /* Documents */ = {
			isa = PBXGroup;
			children = (
				BC2EA3332139FC05006267AC /* Model */,
				BCDF8B502139C20900782FE2 /* AppDelegate.swift */,
				BCDF8B542139C20900782FE2 /* Main.storyboard */,
				BCDF8B572139C21400782FE2 /* Assets.xcassets */,
				BCDF8B592139C21400782FE2 /* LaunchScreen.storyboard */,
				BCDF8B5C2139C21400782FE2 /* Info.plist */,
				BCDF8B642139C8AE00782FE2 /* DocumentDetailViewController.swift */,
				BCDF8B662139DEA400782FE2 /* DocumentListTableViewController.swift */,
				BCDF8B682139EC2A00782FE2 /* DocumentTableViewCell.swift */,
			);
			path = Documents;
			sourceTree = "<group>";
		};
/* End PBXGroup section */

/* Begin PBXNativeTarget section */
		BCDF8B4C2139C20900782FE2 /* Documents */ = {
			isa = PBXNativeTarget;
			buildConfigurationList = BCDF8B5F2139C21400782FE2 /* Build configuration list for PBXNativeTarget "Documents" */;
			buildPhases = (
				BCDF8B492139C20900782FE2 /* Sources */,
				BCDF8B4A2139C20900782FE2 /* Frameworks */,
				BCDF8B4B2139C20900782FE2 /* Resources */,
			);
			buildRules = (
			);
			dependencies = (
			);
			name = Documents;
			productName = Documents;
			productReference = BCDF8B4D2139C20900782FE2 /* Documents.app */;
			productType = "com.apple.product-type.application";
		};
/* End PBXNativeTarget section */

/* Begin PBXProject section */
		BCDF8B452139C20900782FE2 /* Project object */ = {
			isa = PBXProject;
			attributes = {
				LastSwiftUpdateCheck = 0940;
				LastUpgradeCheck = 0940;
				ORGANIZATIONNAME = "Harrill, Hayden";
				TargetAttributes = {
					BCDF8B4C2139C20900782FE2 = {
						CreatedOnToolsVersion = 9.4.1;
					};
				};
			};
			buildConfigurationList = BCDF8B482139C20900782FE2 /* Build configuration list for PBXProject "Documents" */;
			compatibilityVersion = "Xcode 9.3";
			developmentRegion = en;
			hasScannedForEncodings = 0;
			knownRegions = (
				en,
				Base,
			);
			mainGroup = BCDF8B442139C20900782FE2;
			productRefGroup = BCDF8B4E2139C20900782FE2 /* Products */;
			projectDirPath = "";
			projectRoot = "";
			targets = (
				BCDF8B4C2139C20900782FE2 /* Documents */,
			);
		};
/* End PBXProject section */

/* Begin PBXResourcesBuildPhase section */
		BCDF8B4B2139C20900782FE2 /* Resources */ = {
			isa = PBXResourcesBuildPhase;
			buildActionMask = 2147483647;
			files = (
				BCDF8B5B2139C21400782FE2 /* LaunchScreen.storyboard in Resources */,
				BCDF8B582139C21400782FE2 /* Assets.xcassets in Resources */,
				BCDF8B562139C20900782FE2 /* Main.storyboard in Resources */,
			);
			runOnlyForDeploymentPostprocessing = 0;
		};
/* End PBXResourcesBuildPhase section */

/* Begin PBXSourcesBuildPhase section */
		BCDF8B492139C20900782FE2 /* Sources */ = {
			isa = PBXSourcesBuildPhase;
			buildActionMask = 2147483647;
			files = (
				BCDF8B692139EC2A00782FE2 /* DocumentTableViewCell.swift in Sources */,
				BCDF8B512139C20900782FE2 /* AppDelegate.swift in Sources */,
				BCDF8B672139DEA400782FE2 /* DocumentListTableViewController.swift in Sources */,
				BCDF8B652139C8AE00782FE2 /* DocumentDetailViewController.swift in Sources */,
				BC2EA3322139F43B006267AC /* Document.swift in Sources */,
			);
			runOnlyForDeploymentPostprocessing = 0;
		};
/* End PBXSourcesBuildPhase section */

/* Begin PBXVariantGroup section */
		BCDF8B542139C20900782FE2 /* Main.storyboard */ = {
			isa = PBXVariantGroup;
			children = (
				BCDF8B552139C20900782FE2 /* Base */,
			);
			name = Main.storyboard;
			sourceTree = "<group>";
		};
		BCDF8B592139C21400782FE2 /* LaunchScreen.storyboard */ = {
			isa = PBXVariantGroup;
			children = (
				BCDF8B5A2139C21400782FE2 /* Base */,
			);
			name = LaunchScreen.storyboard;
			sourceTree = "<group>";
		};
/* End PBXVariantGroup section */

/* Begin XCBuildConfiguration section */
		BCDF8B5D2139C21400782FE2 /* Debug */ = {
			isa = XCBuildConfiguration;
			buildSettings = {
				ALWAYS_SEARCH_USER_PATHS = NO;
				CLANG_ANALYZER_NONNULL = YES;
				CLANG_ANALYZER_NUMBER_OBJECT_CONVERSION = YES_AGGRESSIVE;
				CLANG_CXX_LANGUAGE_STANDARD = "gnu++14";
				CLANG_CXX_LIBRARY = "libc++";
				CLANG_ENABLE_MODULES = YES;
				CLANG_ENABLE_OBJC_ARC = YES;
				CLANG_ENABLE_OBJC_WEAK = YES;
				CLANG_WARN_BLOCK_CAPTURE_AUTORELEASING = YES;
				CLANG_WARN_BOOL_CONVERSION = YES;
				CLANG_WARN_COMMA = YES;
				CLANG_WARN_CONSTANT_CONVERSION = YES;
				CLANG_WARN_DEPRECATED_OBJC_IMPLEMENTATIONS = YES;
				CLANG_WARN_DIRECT_OBJC_ISA_USAGE = YES_ERROR;
				CLANG_WARN_DOCUMENTATION_COMMENTS = YES;
				CLANG_WARN_EMPTY_BODY = YES;
				CLANG_WARN_ENUM_CONVERSION = YES;
				CLANG_WARN_INFINITE_RECURSION = YES;
				CLANG_WARN_INT_CONVERSION = YES;
				CLANG_WARN_NON_LITERAL_NULL_CONVERSION = YES;
				CLANG_WARN_OBJC_IMPLICIT_RETAIN_SELF = YES;
				CLANG_WARN_OBJC_LITERAL_CONVERSION = YES;
				CLANG_WARN_OBJC_ROOT_CLASS = YES_ERROR;
				CLANG_WARN_RANGE_LOOP_ANALYSIS = YES;
				CLANG_WARN_STRICT_PROTOTYPES = YES;
				CLANG_WARN_SUSPICIOUS_MOVE = YES;
				CLANG_WARN_UNGUARDED_AVAILABILITY = YES_AGGRESSIVE;
				CLANG_WARN_UNREACHABLE_CODE = YES;
				CLANG_WARN__DUPLICATE_METHOD_MATCH = YES;
				CODE_SIGN_IDENTITY = "iPhone Developer";
				COPY_PHASE_STRIP = NO;
				DEBUG_INFORMATION_FORMAT = dwarf;
				ENABLE_STRICT_OBJC_MSGSEND = YES;
				ENABLE_TESTABILITY = YES;
				GCC_C_LANGUAGE_STANDARD = gnu11;
				GCC_DYNAMIC_NO_PIC = NO;
				GCC_NO_COMMON_BLOCKS = YES;
				GCC_OPTIMIZATION_LEVEL = 0;
				GCC_PREPROCESSOR_DEFINITIONS = (
					"DEBUG=1",
					"$(inherited)",
				);
				GCC_WARN_64_TO_32_BIT_CONVERSION = YES;
				GCC_WARN_ABOUT_RETURN_TYPE = YES_ERROR;
				GCC_WARN_UNDECLARED_SELECTOR = YES;
				GCC_WARN_UNINITIALIZED_AUTOS = YES_AGGRESSIVE;
				GCC_WARN_UNUSED_FUNCTION = YES;
				GCC_WARN_UNUSED_VARIABLE = YES;
				IPHONEOS_DEPLOYMENT_TARGET = 11.4;
				MTL_ENABLE_DEBUG_INFO = YES;
				ONLY_ACTIVE_ARCH = YES;
				SDKROOT = iphoneos;
				SWIFT_ACTIVE_COMPILATION_CONDITIONS = DEBUG;
				SWIFT_OPTIMIZATION_LEVEL = "-Onone";
			};
			name = Debug;
		};
		BCDF8B5E2139C21400782FE2 /* Release */ = {
			isa = XCBuildConfiguration;
			buildSettings = {
				ALWAYS_SEARCH_USER_PATHS = NO;
				CLANG_ANALYZER_NONNULL = YES;
				CLANG_ANALYZER_NUMBER_OBJECT_CONVERSION = YES_AGGRESSIVE;
				CLANG_CXX_LANGUAGE_STANDARD = "gnu++14";
				CLANG_CXX_LIBRARY = "libc++";
				CLANG_ENABLE_MODULES = YES;
				CLANG_ENABLE_OBJC_ARC = YES;
				CLANG_ENABLE_OBJC_WEAK = YES;
				CLANG_WARN_BLOCK_CAPTURE_AUTORELEASING = YES;
				CLANG_WARN_BOOL_CONVERSION = YES;
				CLANG_WARN_COMMA = YES;
				CLANG_WARN_CONSTANT_CONVERSION = YES;
				CLANG_WARN_DEPRECATED_OBJC_IMPLEMENTATIONS = YES;
				CLANG_WARN_DIRECT_OBJC_ISA_USAGE = YES_ERROR;
				CLANG_WARN_DOCUMENTATION_COMMENTS = YES;
				CLANG_WARN_EMPTY_BODY = YES;
				CLANG_WARN_ENUM_CONVERSION = YES;
				CLANG_WARN_INFINITE_RECURSION = YES;
				CLANG_WARN_INT_CONVERSION = YES;
				CLANG_WARN_NON_LITERAL_NULL_CONVERSION = YES;
				CLANG_WARN_OBJC_IMPLICIT_RETAIN_SELF = YES;
				CLANG_WARN_OBJC_LITERAL_CONVERSION = YES;
				CLANG_WARN_OBJC_ROOT_CLASS = YES_ERROR;
				CLANG_WARN_RANGE_LOOP_ANALYSIS = YES;
				CLANG_WARN_STRICT_PROTOTYPES = YES;
				CLANG_WARN_SUSPICIOUS_MOVE = YES;
				CLANG_WARN_UNGUARDED_AVAILABILITY = YES_AGGRESSIVE;
				CLANG_WARN_UNREACHABLE_CODE = YES;
				CLANG_WARN__DUPLICATE_METHOD_MATCH = YES;
				CODE_SIGN_IDENTITY = "iPhone Developer";
				COPY_PHASE_STRIP = NO;
				DEBUG_INFORMATION_FORMAT = "dwarf-with-dsym";
				ENABLE_NS_ASSERTIONS = NO;
				ENABLE_STRICT_OBJC_MSGSEND = YES;
				GCC_C_LANGUAGE_STANDARD = gnu11;
				GCC_NO_COMMON_BLOCKS = YES;
				GCC_WARN_64_TO_32_BIT_CONVERSION = YES;
				GCC_WARN_ABOUT_RETURN_TYPE = YES_ERROR;
				GCC_WARN_UNDECLARED_SELECTOR = YES;
				GCC_WARN_UNINITIALIZED_AUTOS = YES_AGGRESSIVE;
				GCC_WARN_UNUSED_FUNCTION = YES;
				GCC_WARN_UNUSED_VARIABLE = YES;
				IPHONEOS_DEPLOYMENT_TARGET = 11.4;
				MTL_ENABLE_DEBUG_INFO = NO;
				SDKROOT = iphoneos;
				SWIFT_COMPILATION_MODE = wholemodule;
				SWIFT_OPTIMIZATION_LEVEL = "-O";
				VALIDATE_PRODUCT = YES;
			};
			name = Release;
		};
		BCDF8B602139C21400782FE2 /* Debug */ = {
			isa = XCBuildConfiguration;
			buildSettings = {
				ASSETCATALOG_COMPILER_APPICON_NAME = AppIcon;
				CODE_SIGN_STYLE = Automatic;
				DEVELOPMENT_TEAM = 33942WYDW3;
				INFOPLIST_FILE = Documents/Info.plist;
				IPHONEOS_DEPLOYMENT_TARGET = 11.4;
				LD_RUNPATH_SEARCH_PATHS = (
					"$(inherited)",
					"@executable_path/Frameworks",
				);
				PRODUCT_BUNDLE_IDENTIFIER = com.hharrill1.Documents;
				PRODUCT_NAME = "$(TARGET_NAME)";
				SWIFT_VERSION = 4.0;
				TARGETED_DEVICE_FAMILY = "1,2";
			};
			name = Debug;
		};
		BCDF8B612139C21400782FE2 /* Release */ = {
			isa = XCBuildConfiguration;
			buildSettings = {
				ASSETCATALOG_COMPILER_APPICON_NAME = AppIcon;
				CODE_SIGN_STYLE = Automatic;
				DEVELOPMENT_TEAM = 33942WYDW3;
				INFOPLIST_FILE = Documents/Info.plist;
				IPHONEOS_DEPLOYMENT_TARGET = 11.4;
				LD_RUNPATH_SEARCH_PATHS = (
					"$(inherited)",
					"@executable_path/Frameworks",
				);
				PRODUCT_BUNDLE_IDENTIFIER = com.hharrill1.Documents;
				PRODUCT_NAME = "$(TARGET_NAME)";
				SWIFT_VERSION = 4.0;
				TARGETED_DEVICE_FAMILY = "1,2";
			};
			name = Release;
		};
/* End XCBuildConfiguration section */

/* Begin XCConfigurationList section */
		BCDF8B482139C20900782FE2 /* Build configuration list for PBXProject "Documents" */ = {
			isa = XCConfigurationList;
			buildConfigurations = (
				BCDF8B5D2139C21400782FE2 /* Debug */,
				BCDF8B5E2139C21400782FE2 /* Release */,
			);
			defaultConfigurationIsVisible = 0;
			defaultConfigurationName = Release;
		};
		BCDF8B5F2139C21400782FE2 /* Build configuration list for PBXNativeTarget "Documents" */ = {
			isa = XCConfigurationList;
			buildConfigurations = (
				BCDF8B602139C21400782FE2 /* Debug */,
				BCDF8B612139C21400782FE2 /* Release */,
			);
			defaultConfigurationIsVisible = 0;
			defaultConfigurationName = Release;
		};
/* End XCConfigurationList section */
	};
	rootObject = BCDF8B452139C20900782FE2 /* Project object */;
}
